# Resolved for Python 3.14.7 on 2026-09-27 from requirements.txt.
# Update this file only after verifying a clean Python 3.14 installation.
aiohappyeyeballs==2.7.1
aiohttp==3.14.3
aiosignal==1.4.0
amqp==5.4.0
asgiref==3.12.1
attrs==26.1.0
billiard==4.3.0
celery==5.6.3
certifi==2026.7.22
charset-normalizer==3.5.1
click==8.5.0
click-didyoumean==0.3.1
click-plugins==1.1.1.2
click-repl==0.4.0
Django==5.2.17
django-environ==0.14.0
django-filter==26.1
django-redis==7.0.0
djangorestframework==3.18.1
durationpy==0.11
frozenlist==1.8.0
graypy==2.1.0
gunicorn==26.2.0
idna==3.20
inflection==0.5.1
kombu==5.6.2
kubernetes==36.0.3
multidict==6.9.1
oauthlib==3.3.1
packaging==26.3
prometheus_client==0.26.0
prompt_toolkit==3.0.53
propcache==0.5.4
psycopg2-binary==2.9.13
python-dateutil==2.9.0.post0
PyYAML==6.0.3
raven==6.10.0
redis==8.1.0
redlock==1.2.0
requests==2.34.2
requests-oauthlib==2.0.0
six==1.17.0
sqlparse==0.6.0
typing_extensions==4.16.0
tzdata==2026.4
tzlocal==5.4.4
uritemplate==4.2.0
urllib3==2.8.0
vine==5.1.0
wcwidth==0.9.1
websocket-client==1.9.2
yarl==1.25.1
